
Microsoft Visual Studio Solution File, Format Version 12.00
# Visual Studio Version 16
VisualStudioVersion = 16.0.30621.155
MinimumVisualStudioVersion = 10.0.40219.1
Project("{9A19103F-16F7-4668-BE54-9A1E7A4F7556}") = "Home.Server", "Home\Server\Home.Server.csproj", "{99A85AB0-34C5-42FB-8E0A-F5FBA7D5A1F1}"
EndProject
Project("{9A19103F-16F7-4668-BE54-9A1E7A4F7556}") = "Home.Client", "Home\Client\Home.Client.csproj", "{F49C75D8-C408-4272-AB03-961A1C5B6565}"
EndProject
Project("{9A19103F-16F7-4668-BE54-9A1E7A4F7556}") = "Home.Shared", "Home\Shared\Home.Shared.csproj", "{16A32E33-10A4-45D5-87BA-F92CE85F4888}"
EndProject
Global
	GlobalSection(SolutionConfigurationPlatforms) = preSolution
		Debug|Any CPU = Debug|Any CPU
		Release|Any CPU = Release|Any CPU
	EndGlobalSection
	GlobalSection(ProjectConfigurationPlatforms) = postSolution
		{99A85AB0-34C5-42FB-8E0A-F5FBA7D5A1F1}.Debug|Any CPU.ActiveCfg = Debug|Any CPU
		{99A85AB0-34C5-42FB-8E0A-F5FBA7D5A1F1}.Debug|Any CPU.Build.0 = Debug|Any CPU
		{99A85AB0-34C5-42FB-8E0A-F5FBA7D5A1F1}.Release|Any CPU.ActiveCfg = Release|Any CPU
		{99A85AB0-34C5-42FB-8E0A-F5FBA7D5A1F1}.Release|Any CPU.Build.0 = Release|Any CPU
		{F49C75D8-C408-4272-AB03-961A1C5B6565}.Debug|Any CPU.ActiveCfg = Debug|Any CPU
		{F49C75D8-C408-4272-AB03-961A1C5B6565}.Debug|Any CPU.Build.0 = Debug|Any CPU
		{F49C75D8-C408-4272-AB03-961A1C5B6565}.Release|Any CPU.ActiveCfg = Release|Any CPU
		{F49C75D8-C408-4272-AB03-961A1C5B6565}.Release|Any CPU.Build.0 = Release|Any CPU
		{16A32E33-10A4-45D5-87BA-F92CE85F4888}.Debug|Any CPU.ActiveCfg = Debug|Any CPU
		{16A32E33-10A4-45D5-87BA-F92CE85F4888}.Debug|Any CPU.Build.0 = Debug|Any CPU
		{16A32E33-10A4-45D5-87BA-F92CE85F4888}.Release|Any CPU.ActiveCfg = Release|Any CPU
		{16A32E33-10A4-45D5-87BA-F92CE85F4888}.Release|Any CPU.Build.0 = Release|Any CPU
	EndGlobalSection
	GlobalSection(SolutionProperties) = preSolution
		HideSolutionNode = FALSE
	EndGlobalSection
	GlobalSection(ExtensibilityGlobals) = postSolution
		SolutionGuid = {D530A6B2-C881-4BA9-A79E-6C23B830B576}
	EndGlobalSection
EndGlobal
